
Microsoft Visual Studio Solution File, Format Version 12.00
# Visual Studio Version 16
VisualStudioVersion = 16.0.32413.511
MinimumVisualStudioVersion = 10.0.40219.1
Project("{FAE04EC0-301F-11D3-BF4B-00C04F79EFBC}") = "exe4_038", "exe4_038\exe4_038.csproj", "{885BD2D7-6C58-49F8-AC72-C3DFF73B31EB}"
EndProject
Global
	GlobalSection(SolutionConfigurationPlatforms) = preSolution
		Debug|Any CPU = Debug|Any CPU
		Release|Any CPU = Release|Any CPU
	EndGlobalSection
	GlobalSection(ProjectConfigurationPlatforms) = postSolution
		{885BD2D7-6C58-49F8-AC72-C3DFF73B31EB}.Debug|Any CPU.ActiveCfg = Debug|Any CPU
		{885BD2D7-6C58-49F8-AC72-C3DFF73B31EB}.Debug|Any CPU.Build.0 = Debug|Any CPU
		{885BD2D7-6C58-49F8-AC72-C3DFF73B31EB}.Release|Any CPU.ActiveCfg = Release|Any CPU
		{885BD2D7-6C58-49F8-AC72-C3DFF73B31EB}.Release|Any CPU.Build.0 = Release|Any CPU
	EndGlobalSection
	GlobalSection(SolutionProperties) = preSolution
		HideSolutionNode = FALSE
	EndGlobalSection
	GlobalSection(ExtensibilityGlobals) = postSolution
		SolutionGuid = {073EAD3C-FEB1-4049-A309-B633949E0047}
	EndGlobalSection
EndGlobal
